
Microsoft Visual Studio Solution File, Format Version 12.00
# Visual Studio Version 17
VisualStudioVersion = 17.3.32804.467
MinimumVisualStudioVersion = 10.0.40219.1
Project("{2150E333-8FDC-42A3-9474-1A3956D46DE8}") = "src", "src", "{A3330C6F-0A44-4E0D-926A-B02A454AD2F1}"
EndProject
Project("{2150E333-8FDC-42A3-9474-1A3956D46DE8}") = "tests", "tests", "{F1FB4D54-F526-4A70-81C0-6F300E7E212E}"
EndProject
Project("{2150E333-8FDC-42A3-9474-1A3956D46DE8}") = "UI", "UI", "{D75A98F7-9944-481D-B765-172963DC33C9}"
EndProject
Project("{2150E333-8FDC-42A3-9474-1A3956D46DE8}") = "Core", "Core", "{6339F767-2A70-4681-94C7-F1D4FC62386F}"
EndProject
Project("{2150E333-8FDC-42A3-9474-1A3956D46DE8}") = "Infrastructure", "Infrastructure", "{8271885F-ECE7-467B-93BC-6A8E9C96A74B}"
EndProject
Project("{2150E333-8FDC-42A3-9474-1A3956D46DE8}") = "API", "API", "{31D413A2-8B9B-4530-BCD1-410CE5469DFE}"
EndProject
Project("{9A19103F-16F7-4668-BE54-9A1E7A4F7556}") = "HR.LeaveManagement.Domain", "HR.LeaveManagement.Domain\HR.LeaveManagement.Domain.csproj", "{5847E24F-B696-4032-B1EC-4264330A4230}"
EndProject
Project("{9A19103F-16F7-4668-BE54-9A1E7A4F7556}") = "HR.LeaveManagement.Application", "HR.LeaveManagement.Application\HR.LeaveManagement.Application.csproj", "{E3EFAF1B-0C09-4FF9-A71F-3893BA5B5A97}"
EndProject
Project("{9A19103F-16F7-4668-BE54-9A1E7A4F7556}") = "HR.LeaveManagement.Infrastructure", "HR.LeaveManagement.Infrastructure\HR.LeaveManagement.Infrastructure.csproj", "{75BD59C7-B9F3-49B7-AFE3-D4FBAD2B2E03}"
EndProject
Project("{9A19103F-16F7-4668-BE54-9A1E7A4F7556}") = "HR.LeaveManagement.Persistence", "HR.LeaveManagement.Persistence\HR.LeaveManagement.Persistence.csproj", "{7670168B-C427-48F7-860D-E55EE6F770C9}"
EndProject
Project("{9A19103F-16F7-4668-BE54-9A1E7A4F7556}") = "HR.LeaveManagement.Api", "HR.LeaveManagement.Api\HR.LeaveManagement.Api.csproj", "{49AC2B21-1F6C-41A3-B3F9-970CBBD31F54}"
EndProject
Project("{9A19103F-16F7-4668-BE54-9A1E7A4F7556}") = "HR.LeaveManagement.Application.UnitTests", "HR.LeaveManagement.Application.UnitTests\HR.LeaveManagement.Application.UnitTests.csproj", "{1CC8E1D4-BA41-41F9-B586-52C1A65FEE0A}"
EndProject
Project("{9A19103F-16F7-4668-BE54-9A1E7A4F7556}") = "HR.LeaveManagement.MVC", "HR.LeaveManagement.MVC\HR.LeaveManagement.MVC.csproj", "{BC495F11-B5B7-4551-B408-90CEC118D302}"
EndProject
Project("{FAE04EC0-301F-11D3-BF4B-00C04F79EFBC}") = "HR.LeaveManagement.Identity", "HR.LeaveManagement.Identity\HR.LeaveManagement.Identity.csproj", "{52FE982C-1731-4287-830D-654A33517C69}"
EndProject
Global
	GlobalSection(SolutionConfigurationPlatforms) = preSolution
		Debug|Any CPU = Debug|Any CPU
		Release|Any CPU = Release|Any CPU
	EndGlobalSection
	GlobalSection(ProjectConfigurationPlatforms) = postSolution
		{5847E24F-B696-4032-B1EC-4264330A4230}.Debug|Any CPU.ActiveCfg = Debug|Any CPU
		{5847E24F-B696-4032-B1EC-4264330A4230}.Debug|Any CPU.Build.0 = Debug|Any CPU
		{5847E24F-B696-4032-B1EC-4264330A4230}.Release|Any CPU.ActiveCfg = Release|Any CPU
		{5847E24F-B696-4032-B1EC-4264330A4230}.Release|Any CPU.Build.0 = Release|Any CPU
		{E3EFAF1B-0C09-4FF9-A71F-3893BA5B5A97}.Debug|Any CPU.ActiveCfg = Debug|Any CPU
		{E3EFAF1B-0C09-4FF9-A71F-3893BA5B5A97}.Debug|Any CPU.Build.0 = Debug|Any CPU
		{E3EFAF1B-0C09-4FF9-A71F-3893BA5B5A97}.Release|Any CPU.ActiveCfg = Release|Any CPU
		{E3EFAF1B-0C09-4FF9-A71F-3893BA5B5A97}.Release|Any CPU.Build.0 = Release|Any CPU
		{75BD59C7-B9F3-49B7-AFE3-D4FBAD2B2E03}.Debug|Any CPU.ActiveCfg = Debug|Any CPU
		{75BD59C7-B9F3-49B7-AFE3-D4FBAD2B2E03}.Debug|Any CPU.Build.0 = Debug|Any CPU
		{75BD59C7-B9F3-49B7-AFE3-D4FBAD2B2E03}.Release|Any CPU.ActiveCfg = Release|Any CPU
		{75BD59C7-B9F3-49B7-AFE3-D4FBAD2B2E03}.Release|Any CPU.Build.0 = Release|Any CPU
		{7670168B-C427-48F7-860D-E55EE6F770C9}.Debug|Any CPU.ActiveCfg = Debug|Any CPU
		{7670168B-C427-48F7-860D-E55EE6F770C9}.Debug|Any CPU.Build.0 = Debug|Any CPU
		{7670168B-C427-48F7-860D-E55EE6F770C9}.Release|Any CPU.ActiveCfg = Release|Any CPU
		{7670168B-C427-48F7-860D-E55EE6F770C9}.Release|Any CPU.Build.0 = Release|Any CPU
		{49AC2B21-1F6C-41A3-B3F9-970CBBD31F54}.Debug|Any CPU.ActiveCfg = Debug|Any CPU
		{49AC2B21-1F6C-41A3-B3F9-970CBBD31F54}.Debug|Any CPU.Build.0 = Debug|Any CPU
		{49AC2B21-1F6C-41A3-B3F9-970CBBD31F54}.Release|Any CPU.ActiveCfg = Release|Any CPU
		{49AC2B21-1F6C-41A3-B3F9-970CBBD31F54}.Release|Any CPU.Build.0 = Release|Any CPU
		{1CC8E1D4-BA41-41F9-B586-52C1A65FEE0A}.Debug|Any CPU.ActiveCfg = Debug|Any CPU
		{1CC8E1D4-BA41-41F9-B586-52C1A65FEE0A}.Debug|Any CPU.Build.0 = Debug|Any CPU
		{1CC8E1D4-BA41-41F9-B586-52C1A65FEE0A}.Release|Any CPU.ActiveCfg = Release|Any CPU
		{1CC8E1D4-BA41-41F9-B586-52C1A65FEE0A}.Release|Any CPU.Build.0 = Release|Any CPU
		{BC495F11-B5B7-4551-B408-90CEC118D302}.Debug|Any CPU.ActiveCfg = Debug|Any CPU
		{BC495F11-B5B7-4551-B408-90CEC118D302}.Debug|Any CPU.Build.0 = Debug|Any CPU
		{BC495F11-B5B7-4551-B408-90CEC118D302}.Release|Any CPU.ActiveCfg = Release|Any CPU
		{BC495F11-B5B7-4551-B408-90CEC118D302}.Release|Any CPU.Build.0 = Release|Any CPU
		{52FE982C-1731-4287-830D-654A33517C69}.Debug|Any CPU.ActiveCfg = Debug|Any CPU
		{52FE982C-1731-4287-830D-654A33517C69}.Debug|Any CPU.Build.0 = Debug|Any CPU
		{52FE982C-1731-4287-830D-654A33517C69}.Release|Any CPU.ActiveCfg = Release|Any CPU
		{52FE982C-1731-4287-830D-654A33517C69}.Release|Any CPU.Build.0 = Release|Any CPU
	EndGlobalSection
	GlobalSection(SolutionProperties) = preSolution
		HideSolutionNode = FALSE
	EndGlobalSection
	GlobalSection(NestedProjects) = preSolution
		{D75A98F7-9944-481D-B765-172963DC33C9} = {A3330C6F-0A44-4E0D-926A-B02A454AD2F1}
		{6339F767-2A70-4681-94C7-F1D4FC62386F} = {A3330C6F-0A44-4E0D-926A-B02A454AD2F1}
		{8271885F-ECE7-467B-93BC-6A8E9C96A74B} = {A3330C6F-0A44-4E0D-926A-B02A454AD2F1}
		{31D413A2-8B9B-4530-BCD1-410CE5469DFE} = {A3330C6F-0A44-4E0D-926A-B02A454AD2F1}
		{5847E24F-B696-4032-B1EC-4264330A4230} = {6339F767-2A70-4681-94C7-F1D4FC62386F}
		{E3EFAF1B-0C09-4FF9-A71F-3893BA5B5A97} = {6339F767-2A70-4681-94C7-F1D4FC62386F}
		{75BD59C7-B9F3-49B7-AFE3-D4FBAD2B2E03} = {8271885F-ECE7-467B-93BC-6A8E9C96A74B}
		{7670168B-C427-48F7-860D-E55EE6F770C9} = {8271885F-ECE7-467B-93BC-6A8E9C96A74B}
		{49AC2B21-1F6C-41A3-B3F9-970CBBD31F54} = {31D413A2-8B9B-4530-BCD1-410CE5469DFE}
		{1CC8E1D4-BA41-41F9-B586-52C1A65FEE0A} = {F1FB4D54-F526-4A70-81C0-6F300E7E212E}
		{BC495F11-B5B7-4551-B408-90CEC118D302} = {D75A98F7-9944-481D-B765-172963DC33C9}
		{52FE982C-1731-4287-830D-654A33517C69} = {8271885F-ECE7-467B-93BC-6A8E9C96A74B}
	EndGlobalSection
	GlobalSection(ExtensibilityGlobals) = postSolution
		SolutionGuid = {2C97759A-B083-4127-A747-F218EA72DCF8}
	EndGlobalSection
EndGlobal
